
Microsoft Visual Studio Solution File, Format Version 12.00
# Visual Studio Version 16
VisualStudioVersion = 16.0.29009.5
MinimumVisualStudioVersion = 10.0.40219.1
Project("{8BC9CEB8-8B4A-11D0-8D11-00A0C91BC942}") = "SnakeMultiplayer", "SnakeMultiplayer.vcxproj", "{1F22C28D-2098-4F71-9631-B0AA6DCB9312}"
EndProject
Global
	GlobalSection(SolutionConfigurationPlatforms) = preSolution
		Debug|x64 = Debug|x64
		Debug|x86 = Debug|x86
		Release|x64 = Release|x64
		Release|x86 = Release|x86
	EndGlobalSection
	GlobalSection(ProjectConfigurationPlatforms) = postSolution
		{1F22C28D-2098-4F71-9631-B0AA6DCB9312}.Debug|x64.ActiveCfg = Debug|x64
		{1F22C28D-2098-4F71-9631-B0AA6DCB9312}.Debug|x64.Build.0 = Debug|x64
		{1F22C28D-2098-4F71-9631-B0AA6DCB9312}.Debug|x86.ActiveCfg = Debug|Win32
		{1F22C28D-2098-4F71-9631-B0AA6DCB9312}.Debug|x86.Build.0 = Debug|Win32
		{1F22C28D-2098-4F71-9631-B0AA6DCB9312}.Release|x64.ActiveCfg = Release|x64
		{1F22C28D-2098-4F71-9631-B0AA6DCB9312}.Release|x64.Build.0 = Release|x64
		{1F22C28D-2098-4F71-9631-B0AA6DCB9312}.Release|x86.ActiveCfg = Release|Win32
		{1F22C28D-2098-4F71-9631-B0AA6DCB9312}.Release|x86.Build.0 = Release|Win32
	EndGlobalSection
	GlobalSection(SolutionProperties) = preSolution
		HideSolutionNode = FALSE
	EndGlobalSection
	GlobalSection(ExtensibilityGlobals) = postSolution
		SolutionGuid = {B8D3481C-74F2-4D0A-B03E-C728B07691B9}
	EndGlobalSection
EndGlobal
